
Microsoft Visual Studio Solution File, Format Version 12.00
# Visual Studio 2013
VisualStudioVersion = 12.0.30324.0
MinimumVisualStudioVersion = 10.0.40219.1
Project("{FAE04EC0-301F-11D3-BF4B-00C04F79EFBC}") = "MathFighter", "MathFighter\MathFighter.csproj", "{009995FC-D6FD-46CB-BEB4-15814F870015}"
EndProject
Project("{2150E333-8FDC-42A3-9474-1A3956D46DE8}") = "PublishScripts", "PublishScripts", "{C08D61CD-91EC-4281-B898-8D3038EB77A2}"
	ProjectSection(SolutionItems) = preProject
		PublishScripts\AzureWebAppPublishModule.psm1 = PublishScripts\AzureWebAppPublishModule.psm1
		PublishScripts\Publish-WebApplication.ps1 = PublishScripts\Publish-WebApplication.ps1
	EndProjectSection
EndProject
Project("{2150E333-8FDC-42A3-9474-1A3956D46DE8}") = "Configurations", "Configurations", "{36092A2E-099B-4319-B52E-4AB8B6FCDD7F}"
	ProjectSection(SolutionItems) = preProject
		PublishScripts\Configurations\MathFighter-WAWS-dev.json = PublishScripts\Configurations\MathFighter-WAWS-dev.json
	EndProjectSection
EndProject
Project("{FAE04EC0-301F-11D3-BF4B-00C04F79EFBC}") = "MathManager", "MathManager\MathManager.csproj", "{9042E3A8-4E3E-4E48-8AB9-464607F6C24F}"
EndProject
Global
	GlobalSection(SolutionConfigurationPlatforms) = preSolution
		Debug|Any CPU = Debug|Any CPU
		Release|Any CPU = Release|Any CPU
	EndGlobalSection
	GlobalSection(ProjectConfigurationPlatforms) = postSolution
		{009995FC-D6FD-46CB-BEB4-15814F870015}.Debug|Any CPU.ActiveCfg = Debug|Any CPU
		{009995FC-D6FD-46CB-BEB4-15814F870015}.Debug|Any CPU.Build.0 = Debug|Any CPU
		{009995FC-D6FD-46CB-BEB4-15814F870015}.Release|Any CPU.ActiveCfg = Release|Any CPU
		{009995FC-D6FD-46CB-BEB4-15814F870015}.Release|Any CPU.Build.0 = Release|Any CPU
		{9042E3A8-4E3E-4E48-8AB9-464607F6C24F}.Debug|Any CPU.ActiveCfg = Debug|Any CPU
		{9042E3A8-4E3E-4E48-8AB9-464607F6C24F}.Debug|Any CPU.Build.0 = Debug|Any CPU
		{9042E3A8-4E3E-4E48-8AB9-464607F6C24F}.Release|Any CPU.ActiveCfg = Release|Any CPU
		{9042E3A8-4E3E-4E48-8AB9-464607F6C24F}.Release|Any CPU.Build.0 = Release|Any CPU
	EndGlobalSection
	GlobalSection(SolutionProperties) = preSolution
		HideSolutionNode = FALSE
	EndGlobalSection
	GlobalSection(NestedProjects) = preSolution
		{36092A2E-099B-4319-B52E-4AB8B6FCDD7F} = {C08D61CD-91EC-4281-B898-8D3038EB77A2}
	EndGlobalSection
EndGlobal
